calendar_id: al://default/calendars/session/NYSE_RTH@1.0.0#sha256:1111111111111111111111111111111111111111111111111111111111111111
timezone: UTC
clocks:
  event_time:
    field: bar_close_time
    rule: null
    timezone: UTC
    can_use_future_revision: false
  observation_time:
    field: ingest_time
    rule: null
    timezone: UTC
    can_use_future_revision: false
  known_time:
    field: known_time
    rule: null
    timezone: UTC
    can_use_future_revision: false
  decision_time:
    field: decision_time
    rule: null
    timezone: UTC
    can_use_future_revision: false
  maturity_time:
    field: maturity_time
    rule: null
    timezone: UTC
    can_use_future_revision: false
  correction_time:
    field: correction_time
    rule: null
    timezone: UTC
    can_use_future_revision: false
required_order:
- event_time<=observation_time
- observation_time<=known_time
- known_time<=decision_time
- decision_time<=maturity_time
- maturity_time<=correction_time
late_data_policy: REJECT
clock_skew_tolerance_ms: 0
